{
  "name": "common-server",
  "version": "1.0.0",
  "lockfileVersion": 3,
  "requires": true,
  "packages": {
    "": {
      "name": "common-server",
      "version": "1.0.0",
      "license": "ISC",
      "dependencies": {
        "@types/node-xlsx": "^0.21.0",
        "node-xlsx": "^0.23.0"
      },
      "devDependencies": {
        "@types/node": "^20.10.6"
      }
    },
    "node_modules/@types/node": {
      "version": "20.10.6",
      "resolved": "https://registry.npmmirror.com/@types/node/-/node-20.10.6.tgz",
      "integrity": "sha512-Vac8H+NlRNNlAmDfGUP7b5h/KA+AtWIzuXy0E6OyP8f1tCLYAtPvKRRDJjAPqhpCb0t6U2j7/xqAuLEebW2kiw==",
      "dev": true,
      "dependencies": {
        "undici-types": "~5.26.4"
      }
    },
    "node_modules/@types/node-xlsx": {
      "version": "0.21.0",
      "resolved": "https://registry.npmmirror.com/@types/node-xlsx/-/node-xlsx-0.21.0.tgz",
      "integrity": "sha512-2phXePog1DbnNWMpl0wEaH/4ABKOBfgp+0IWLFzVzKkaWwHKwT5HcKHZYvEVv/Tntr3xf4J98Syvz7aPUmU2wA==",
      "deprecated": "This is a stub types definition. node-xlsx provides its own type definitions, so you do not need this installed.",
      "dependencies": {
        "node-xlsx": "*"
      }
    },
    "node_modules/node-xlsx": {
      "version": "0.23.0",
      "resolved": "https://registry.npmmirror.com/node-xlsx/-/node-xlsx-0.23.0.tgz",
      "integrity": "sha512-r3KaSZSsSrK92rbPXnX/vDdxURmPPik0rjJ3A+Pybzpjyrk4G6WyGfj8JIz5dMMEpCmWVpmO4qoVPBxnpLv/8Q==",
      "dependencies": {
        "xlsx": "https://cdn.sheetjs.com/xlsx-0.19.3/xlsx-0.19.3.tgz"
      },
      "bin": {
        "node-xlsx": "lib/bin/cli.js"
      },
      "engines": {
        "node": ">=10.0.0"
      }
    },
    "node_modules/undici-types": {
      "version": "5.26.5",
      "resolved": "https://registry.npmmirror.com/undici-types/-/undici-types-5.26.5.tgz",
      "integrity": "sha512-JlCMO+ehdEIKqlFxk6IfVoAUVmgz7cU7zD/h9XZ0qzeosSHmUJVOzSQvvYSYWXkFXC+IfLKSIffhv0sVZup6pA==",
      "dev": true
    },
    "node_modules/xlsx": {
      "version": "0.19.3",
      "resolved": "https://cdn.sheetjs.com/xlsx-0.19.3/xlsx-0.19.3.tgz",
      "integrity": "sha512-8IfgFctB7fkvqkTGF2MnrDrC6vzE28Wcc1aSbdDQ+4/WFtzfS73YuapbuaPZwGqpR2e0EeDMIrFOJubQVLWFNA==",
      "license": "Apache-2.0",
      "bin": {
        "xlsx": "bin/xlsx.njs"
      },
      "engines": {
        "node": ">=0.8"
      }
    }
  }
}
